
Microsoft Visual Studio Solution File, Format Version 12.00
# Visual Studio 14
VisualStudioVersion = 14.0.23107.0
MinimumVisualStudioVersion = 10.0.40219.1
Project("{FAE04EC0-301F-11D3-BF4B-00C04F79EFBC}") = "SD.Allen.Frontend", "SD.Allen.Frontend\SD.Allen.Frontend.csproj", "{87C34DAA-7DF7-4946-92E4-3F25CEFE2DBA}"
EndProject
Global
	GlobalSection(SolutionConfigurationPlatforms) = preSolution
		Debug|Any CPU = Debug|Any CPU
		Release|Any CPU = Release|Any CPU
	EndGlobalSection
	GlobalSection(ProjectConfigurationPlatforms) = postSolution
		{87C34DAA-7DF7-4946-92E4-3F25CEFE2DBA}.Debug|Any CPU.ActiveCfg = Debug|Any CPU
		{87C34DAA-7DF7-4946-92E4-3F25CEFE2DBA}.Debug|Any CPU.Build.0 = Debug|Any CPU
		{87C34DAA-7DF7-4946-92E4-3F25CEFE2DBA}.Release|Any CPU.ActiveCfg = Release|Any CPU
		{87C34DAA-7DF7-4946-92E4-3F25CEFE2DBA}.Release|Any CPU.Build.0 = Release|Any CPU
	EndGlobalSection
	GlobalSection(SolutionProperties) = preSolution
		HideSolutionNode = FALSE
	EndGlobalSection
EndGlobal
